
Microsoft Visual Studio Solution File, Format Version 12.00
# Visual Studio Version 17
VisualStudioVersion = 17.5.33424.131
MinimumVisualStudioVersion = 10.0.40219.1
Project("{FAE04EC0-301F-11D3-BF4B-00C04F79EFBC}") = "WPFapp2", "WPFapp2\WPFapp2.csproj", "{4AB01B3A-6457-43AE-B37D-B8062BC4BD5D}"
EndProject
Global
	GlobalSection(SolutionConfigurationPlatforms) = preSolution
		Debug|Any CPU = Debug|Any CPU
		Release|Any CPU = Release|Any CPU
	EndGlobalSection
	GlobalSection(ProjectConfigurationPlatforms) = postSolution
		{4AB01B3A-6457-43AE-B37D-B8062BC4BD5D}.Debug|Any CPU.ActiveCfg = Debug|Any CPU
		{4AB01B3A-6457-43AE-B37D-B8062BC4BD5D}.Debug|Any CPU.Build.0 = Debug|Any CPU
		{4AB01B3A-6457-43AE-B37D-B8062BC4BD5D}.Release|Any CPU.ActiveCfg = Release|Any CPU
		{4AB01B3A-6457-43AE-B37D-B8062BC4BD5D}.Release|Any CPU.Build.0 = Release|Any CPU
	EndGlobalSection
	GlobalSection(SolutionProperties) = preSolution
		HideSolutionNode = FALSE
	EndGlobalSection
	GlobalSection(ExtensibilityGlobals) = postSolution
		SolutionGuid = {C2175949-891A-4552-AEE8-2056A3FF9C4E}
	EndGlobalSection
EndGlobal
